
Microsoft Visual Studio Solution File, Format Version 12.00
# Visual Studio 2015
Project("{FAE04EC0-301F-11D3-BF4B-00C04F79EFBC}") = "KesSesi_VR_001", "KesSesi_VR_001.csproj", "{71D0C437-E46B-41EC-7434-A2001CDF51A6}"
EndProject
Project("{FAE04EC0-301F-11D3-BF4B-00C04F79EFBC}") = "KesSesi_VR_001.Editor", "KesSesi_VR_001.Editor.csproj", "{5822C6EA-ACE1-7DC9-5F96-5D3717A8750D}"
EndProject
Global
	GlobalSection(SolutionConfigurationPlatforms) = preSolution
		Debug|Any CPU = Debug|Any CPU
		Release|Any CPU = Release|Any CPU
	EndGlobalSection
	GlobalSection(ProjectConfigurationPlatforms) = postSolution
		{71D0C437-E46B-41EC-7434-A2001CDF51A6}.Debug|Any CPU.ActiveCfg = Debug|Any CPU
		{71D0C437-E46B-41EC-7434-A2001CDF51A6}.Debug|Any CPU.Build.0 = Debug|Any CPU
		{71D0C437-E46B-41EC-7434-A2001CDF51A6}.Release|Any CPU.ActiveCfg = Release|Any CPU
		{71D0C437-E46B-41EC-7434-A2001CDF51A6}.Release|Any CPU.Build.0 = Release|Any CPU
		{5822C6EA-ACE1-7DC9-5F96-5D3717A8750D}.Debug|Any CPU.ActiveCfg = Debug|Any CPU
		{5822C6EA-ACE1-7DC9-5F96-5D3717A8750D}.Debug|Any CPU.Build.0 = Debug|Any CPU
		{5822C6EA-ACE1-7DC9-5F96-5D3717A8750D}.Release|Any CPU.ActiveCfg = Release|Any CPU
		{5822C6EA-ACE1-7DC9-5F96-5D3717A8750D}.Release|Any CPU.Build.0 = Release|Any CPU
	EndGlobalSection
	GlobalSection(SolutionProperties) = preSolution
		HideSolutionNode = FALSE
	EndGlobalSection
EndGlobal
